
Microsoft Visual Studio Solution File, Format Version 12.00
# Visual Studio Version 17
VisualStudioVersion = 17.8.34330.188
MinimumVisualStudioVersion = 10.0.40219.1
Project("{2150E333-8FDC-42A3-9474-1A3956D46DE8}") = "Services", "Services", "{4706CF70-0541-427B-86F1-8E94B254B1AB}"
EndProject
Project("{2150E333-8FDC-42A3-9474-1A3956D46DE8}") = "Catalog", "Catalog", "{B1E22B2E-425F-4FDE-9AA7-42D393D0DD26}"
EndProject
Project("{FAE04EC0-301F-11D3-BF4B-00C04F79EFBC}") = "Catalog.API", "Services\Catalog\Catalog.API\Catalog.API.csproj", "{F20FCFB3-13CC-44F2-B0F5-3F244E73FC63}"
EndProject
Global
	GlobalSection(SolutionConfigurationPlatforms) = preSolution
		Debug|Any CPU = Debug|Any CPU
		Release|Any CPU = Release|Any CPU
	EndGlobalSection
	GlobalSection(ProjectConfigurationPlatforms) = postSolution
		{F20FCFB3-13CC-44F2-B0F5-3F244E73FC63}.Debug|Any CPU.ActiveCfg = Debug|Any CPU
		{F20FCFB3-13CC-44F2-B0F5-3F244E73FC63}.Debug|Any CPU.Build.0 = Debug|Any CPU
		{F20FCFB3-13CC-44F2-B0F5-3F244E73FC63}.Release|Any CPU.ActiveCfg = Release|Any CPU
		{F20FCFB3-13CC-44F2-B0F5-3F244E73FC63}.Release|Any CPU.Build.0 = Release|Any CPU
	EndGlobalSection
	GlobalSection(SolutionProperties) = preSolution
		HideSolutionNode = FALSE
	EndGlobalSection
	GlobalSection(NestedProjects) = preSolution
		{B1E22B2E-425F-4FDE-9AA7-42D393D0DD26} = {4706CF70-0541-427B-86F1-8E94B254B1AB}
		{F20FCFB3-13CC-44F2-B0F5-3F244E73FC63} = {B1E22B2E-425F-4FDE-9AA7-42D393D0DD26}
	EndGlobalSection
	GlobalSection(ExtensibilityGlobals) = postSolution
		SolutionGuid = {09268399-638E-4B13-8033-7E206F4A888F}
	EndGlobalSection
EndGlobal
